// !$*UTF8*$!
{
	archiveVersion = 1;
	classes = {
	};
	objectVersion = 46;
	objects = {

/* Begin PBXBuildFile section */
		6A3DC0291B7FE6F30078EF11 /* main.m in Sources */ = {isa = PBXBuildFile; fileRef = 6A3DC0281B7FE6F30078EF11 /* main.m */; };
		6A3DC02C1B7FE6F30078EF11 /* AppDelegate.m in Sources */ = {isa = PBXBuildFile; fileRef = 6A3DC02B1B7FE6F30078EF11 /* AppDelegate.m */; };
		6A3DC02F1B7FE6F30078EF11 /* ViewController.m in Sources */ = {isa = PBXBuildFile; fileRef = 6A3DC02E1B7FE6F30078EF11 /* ViewController.m */; };
		6A3DC0321B7FE6F30078EF11 /* Main.storyboard in Resources */ = {isa = PBXBuildFile; fileRef = 6A3DC0301B7FE6F30078EF11 /* Main.storyboard */; };
		6A3DC0341B7FE6F30078EF11 /* Images.xcassets in Resources */ = {isa = PBXBuildFile; fileRef = 6A3DC0331B7FE6F30078EF11 /* Images.xcassets */; };
		6A3DC0371B7FE6F30078EF11 /* LaunchScreen.xib in Resources */ = {isa = PBXBuildFile; fileRef = 6A3DC0351B7FE6F30078EF11 /* LaunchScreen.xib */; };
		6A3DC0431B7FE6F30078EF11 /* proyecto_spotifyTests.m in Sources */ = {isa = PBXBuildFile; fileRef = 6A3DC0421B7FE6F30078EF11 /* proyecto_spotifyTests.m */; };
		6ACE76FD1B8A5C4D000924F3 /* Artist.m in Sources */ = {isa = PBXBuildFile; fileRef = 6ACE76FC1B8A5C4D000924F3 /* Artist.m */; };
		6ACE77001B8A5C83000924F3 /* Song.m in Sources */ = {isa = PBXBuildFile; fileRef = 6ACE76FF1B8A5C83000924F3 /* Song.m */; };
		6ACE77031B8A5D75000924F3 /* ArtistSearchTableViewController.m in Sources */ = {isa = PBXBuildFile; fileRef = 6ACE77021B8A5D75000924F3 /* ArtistSearchTableViewController.m */; };
		6ACE77061B8A5E65000924F3 /* SongListTableViewController.m in Sources */ = {isa = PBXBuildFile; fileRef = 6ACE77051B8A5E65000924F3 /* SongListTableViewController.m */; };
		6ACE77091B8A5EB2000924F3 /* PlayerViewController.m in Sources */ = {isa = PBXBuildFile; fileRef = 6ACE77081B8A5EB2000924F3 /* PlayerViewController.m */; };
		6ACE770C1B8A6027000924F3 /* Spotify.framework in Frameworks */ = {isa = PBXBuildFile; fileRef = 6ACE770B1B8A6027000924F3 /* Spotify.framework */; };
		6ACE770E1B8A610C000924F3 /* AVFoundation.framework in Frameworks */ = {isa = PBXBuildFile; fileRef = 6ACE770D1B8A610C000924F3 /* AVFoundation.framework */; };
		6ACE77101B8A6115000924F3 /* SystemConfiguration.framework in Frameworks */ = {isa = PBXBuildFile; fileRef = 6ACE770F1B8A6115000924F3 /* SystemConfiguration.framework */; };
		6ACE77141B8A8D00000924F3 /* SpotifyHelper.m in Sources */ = {isa = PBXBuildFile; fileRef = 6ACE77131B8A8D00000924F3 /* SpotifyHelper.m */; };
		CF7D9D471B93D21B00C4EB8B /* SpotifyAPI.m in Sources */ = {isa = PBXBuildFile; fileRef = CF7D9D461B93D21B00C4EB8B /* SpotifyAPI.m */; };
		CFA2453A1B8D847E00B90975 /* SongCell.m in Sources */ = {isa = PBXBuildFile; fileRef = CFA245391B8D847E00B90975 /* SongCell.m */; };
		CFA2453D1B8D849F00B90975 /* ArtistCell.m in Sources */ = {isa = PBXBuildFile; fileRef = CFA2453C1B8D849F00B90975 /* ArtistCell.m */; };
/* End PBXBuildFile section */

/* Begin PBXContainerItemProxy section */
		6A3DC03D1B7FE6F30078EF11 /* PBXContainerItemProxy */ = {
			isa = PBXContainerItemProxy;
			containerPortal = 6A3DC01B1B7FE6F30078EF11 /* Project object */;
			proxyType = 1;
			remoteGlobalIDString = 6A3DC0221B7FE6F30078EF11;
			remoteInfo = proyecto_spotify;
		};
/* End PBXContainerItemProxy section */

/* Begin PBXFileReference section */
		6A3DC0231B7FE6F30078EF11 /* proyecto_spotify.app */ = {isa = PBXFileReference; explicitFileType = wrapper.application; includeInIndex = 0; path = proyecto_spotify.app; sourceTree = BUILT_PRODUCTS_DIR; };
		6A3DC0271B7FE6F30078EF11 /* Info.plist */ = {isa = PBXFileReference; lastKnownFileType = text.plist.xml; path = Info.plist; sourceTree = "<group>"; };
		6A3DC0281B7FE6F30078EF11 /* main.m */ = {isa = PBXFileReference; lastKnownFileType = sourcecode.c.objc; path = main.m; sourceTree = "<group>"; };
		6A3DC02A1B7FE6F30078EF11 /* AppDelegate.h */ = {isa = PBXFileReference; lastKnownFileType = sourcecode.c.h; path = AppDelegate.h; sourceTree = "<group>"; };
		6A3DC02B1B7FE6F30078EF11 /* AppDelegate.m */ = {isa = PBXFileReference; lastKnownFileType = sourcecode.c.objc; path = AppDelegate.m; sourceTree = "<group>"; };
		6A3DC02D1B7FE6F30078EF11 /* ViewController.h */ = {isa = PBXFileReference; lastKnownFileType = sourcecode.c.h; path = ViewController.h; sourceTree = "<group>"; };
		6A3DC02E1B7FE6F30078EF11 /* ViewController.m */ = {isa = PBXFileReference; lastKnownFileType = sourcecode.c.objc; path = ViewController.m; sourceTree = "<group>"; };
		6A3DC0311B7FE6F30078EF11 /* Base */ = {isa = PBXFileReference; lastKnownFileType = file.storyboard; name = Base; path = Base.lproj/Main.storyboard; sourceTree = "<group>"; };
		6A3DC0331B7FE6F30078EF11 /* Images.xcassets */ = {isa = PBXFileReference; lastKnownFileType = folder.assetcatalog; path = Images.xcassets; sourceTree = "<group>"; };
		6A3DC0361B7FE6F30078EF11 /* Base */ = {isa = PBXFileReference; lastKnownFileType = file.xib; name = Base; path = Base.lproj/LaunchScreen.xib; sourceTree = "<group>"; };
		6A3DC03C1B7FE6F30078EF11 /* proyecto_spotifyTests.xctest */ = {isa = PBXFileReference; explicitFileType = wrapper.cfbundle; includeInIndex = 0; path = proyecto_spotifyTests.xctest; sourceTree = BUILT_PRODUCTS_DIR; };
		6A3DC0411B7FE6F30078EF11 /* Info.plist */ = {isa = PBXFileReference; lastKnownFileType = text.plist.xml; path = Info.plist; sourceTree = "<group>"; };
		6A3DC0421B7FE6F30078EF11 /* proyecto_spotifyTests.m */ = {isa = PBXFileReference; lastKnownFileType = sourcecode.c.objc; path = proyecto_spotifyTests.m; sourceTree = "<group>"; };
		6ACE76FB1B8A5C4D000924F3 /* Artist.h */ = {isa = PBXFileReference; fileEncoding = 4; lastKnownFileType = sourcecode.c.h; path = Artist.h; sourceTree = "<group>"; };
		6ACE76FC1B8A5C4D000924F3 /* Artist.m */ = {isa = PBXFileReference; fileEncoding = 4; lastKnownFileType = sourcecode.c.objc; path = Artist.m; sourceTree = "<group>"; };
		6ACE76FE1B8A5C83000924F3 /* Song.h */ = {isa = PBXFileReference; fileEncoding = 4; lastKnownFileType = sourcecode.c.h; path = Song.h; sourceTree = "<group>"; };
		6ACE76FF1B8A5C83000924F3 /* Song.m */ = {isa = PBXFileReference; fileEncoding = 4; lastKnownFileType = sourcecode.c.objc; path = Song.m; sourceTree = "<group>"; };
		6ACE77011B8A5D75000924F3 /* ArtistSearchTableViewController.h */ = {isa = PBXFileReference; fileEncoding = 4; lastKnownFileType = sourcecode.c.h; path = ArtistSearchTableViewController.h; sourceTree = "<group>"; };
		6ACE77021B8A5D75000924F3 /* ArtistSearchTableViewController.m */ = {isa = PBXFileReference; fileEncoding = 4; lastKnownFileType = sourcecode.c.objc; path = ArtistSearchTableViewController.m; sourceTree = "<group>"; };
		6ACE77041B8A5E65000924F3 /* SongListTableViewController.h */ = {isa = PBXFileReference; fileEncoding = 4; lastKnownFileType = sourcecode.c.h; path = SongListTableViewController.h; sourceTree = "<group>"; };
		6ACE77051B8A5E65000924F3 /* SongListTableViewController.m */ = {isa = PBXFileReference; fileEncoding = 4; lastKnownFileType = sourcecode.c.objc; path = SongListTableViewController.m; sourceTree = "<group>"; };
		6ACE77071B8A5EB2000924F3 /* PlayerViewController.h */ = {isa = PBXFileReference; fileEncoding = 4; lastKnownFileType = sourcecode.c.h; path = PlayerViewController.h; sourceTree = "<group>"; };
		6ACE77081B8A5EB2000924F3 /* PlayerViewController.m */ = {isa = PBXFileReference; fileEncoding = 4; lastKnownFileType = sourcecode.c.objc; path = PlayerViewController.m; sourceTree = "<group>"; };
		6ACE770B1B8A6027000924F3 /* Spotify.framework */ = {isa = PBXFileReference; lastKnownFileType = wrapper.framework; path = Spotify.framework; sourceTree = "<group>"; };
		6ACE770D1B8A610C000924F3 /* AVFoundation.framework */ = {isa = PBXFileReference; lastKnownFileType = wrapper.framework; name = AVFoundation.framework; path = System/Library/Frameworks/AVFoundation.framework; sourceTree = SDKROOT; };
		6ACE770F1B8A6115000924F3 /* SystemConfiguration.framework */ = {isa = PBXFileReference; lastKnownFileType = wrapper.framework; name = SystemConfiguration.framework; path = System/Library/Frameworks/SystemConfiguration.framework; sourceTree = SDKROOT; };
		6ACE77121B8A8D00000924F3 /* SpotifyHelper.h */ = {isa = PBXFileReference; fileEncoding = 4; lastKnownFileType = sourcecode.c.h; path = SpotifyHelper.h; sourceTree = "<group>"; };
		6ACE77131B8A8D00000924F3 /* SpotifyHelper.m */ = {isa = PBXFileReference; fileEncoding = 4; lastKnownFileType = sourcecode.c.objc; path = SpotifyHelper.m; sourceTree = "<group>"; };
		CF7D9D451B93D21B00C4EB8B /* SpotifyAPI.h */ = {isa = PBXFileReference; fileEncoding = 4; lastKnownFileType = sourcecode.c.h; path = SpotifyAPI.h; sourceTree = "<group>"; };
		CF7D9D461B93D21B00C4EB8B /* SpotifyAPI.m */ = {isa = PBXFileReference; fileEncoding = 4; lastKnownFileType = sourcecode.c.objc; path = SpotifyAPI.m; sourceTree = "<group>"; };
		CFA245381B8D847E00B90975 /* SongCell.h */ = {isa = PBXFileReference; fileEncoding = 4; lastKnownFileType = sourcecode.c.h; path = SongCell.h; sourceTree = "<group>"; };
		CFA245391B8D847E00B90975 /* SongCell.m */ = {isa = PBXFileReference; fileEncoding = 4; lastKnownFileType = sourcecode.c.objc; path = SongCell.m; sourceTree = "<group>"; };
		CFA2453B1B8D849F00B90975 /* ArtistCell.h */ = {isa = PBXFileReference; fileEncoding = 4; lastKnownFileType = sourcecode.c.h; path = ArtistCell.h; sourceTree = "<group>"; };
		CFA2453C1B8D849F00B90975 /* ArtistCell.m */ = {isa = PBXFileReference; fileEncoding = 4; lastKnownFileType = sourcecode.c.objc; path = ArtistCell.m; sourceTree = "<group>"; };
/* End PBXFileReference section */

/* Begin PBXFrameworksBuildPhase section */
		6A3DC0201B7FE6F30078EF11 /* Frameworks */ = {
			isa = PBXFrameworksBuildPhase;
			buildActionMask = 2147483647;
			files = (
				6ACE77101B8A6115000924F3 /* SystemConfiguration.framework in Frameworks */,
				6ACE770E1B8A610C000924F3 /* AVFoundation.framework in Frameworks */,
				6ACE770C1B8A6027000924F3 /* Spotify.framework in Frameworks */,
			);
			runOnlyForDeploymentPostprocessing = 0;
		};
		6A3DC0391B7FE6F30078EF11 /* Frameworks */ = {
			isa = PBXFrameworksBuildPhase;
			buildActionMask = 2147483647;
			files = (
			);
			runOnlyForDeploymentPostprocessing = 0;
		};
/* End PBXFrameworksBuildPhase section */

/* Begin PBXGroup section */
		6A3DC01A1B7FE6F30078EF11 = {
			isa = PBXGroup;
			children = (
				6ACE770F1B8A6115000924F3 /* SystemConfiguration.framework */,
				6ACE770D1B8A610C000924F3 /* AVFoundation.framework */,
				6A3DC0251B7FE6F30078EF11 /* proyecto_spotify */,
				6A3DC03F1B7FE6F30078EF11 /* proyecto_spotifyTests */,
				6A3DC0241B7FE6F30078EF11 /* Products */,
			);
			sourceTree = "<group>";
		};
		6A3DC0241B7FE6F30078EF11 /* Products */ = {
			isa = PBXGroup;
			children = (
				6A3DC0231B7FE6F30078EF11 /* proyecto_spotify.app */,
				6A3DC03C1B7FE6F30078EF11 /* proyecto_spotifyTests.xctest */,
			);
			name = Products;
			sourceTree = "<group>";
		};
		6A3DC0251B7FE6F30078EF11 /* proyecto_spotify */ = {
			isa = PBXGroup;
			children = (
				CF533C131B93BB4700E4A295 /* webapi */,
				CFA245341B8D83FE00B90975 /* uicomponents */,
				6ACE77111B8A8CDC000924F3 /* helpers */,
				6ACE770A1B8A5FD4000924F3 /* frameworks */,
				6ACE76FA1B8A5C1E000924F3 /* entities */,
				6A3DC02A1B7FE6F30078EF11 /* AppDelegate.h */,
				6A3DC02B1B7FE6F30078EF11 /* AppDelegate.m */,
				6A3DC02D1B7FE6F30078EF11 /* ViewController.h */,
				6A3DC02E1B7FE6F30078EF11 /* ViewController.m */,
				6A3DC0301B7FE6F30078EF11 /* Main.storyboard */,
				6A3DC0331B7FE6F30078EF11 /* Images.xcassets */,
				6A3DC0351B7FE6F30078EF11 /* LaunchScreen.xib */,
				6ACE77011B8A5D75000924F3 /* ArtistSearchTableViewController.h */,
				6ACE77021B8A5D75000924F3 /* ArtistSearchTableViewController.m */,
				6ACE77041B8A5E65000924F3 /* SongListTableViewController.h */,
				6ACE77051B8A5E65000924F3 /* SongListTableViewController.m */,
				6ACE77071B8A5EB2000924F3 /* PlayerViewController.h */,
				6ACE77081B8A5EB2000924F3 /* PlayerViewController.m */,
				6A3DC0261B7FE6F30078EF11 /* Supporting Files */,
			);
			path = proyecto_spotify;
			sourceTree = "<group>";
		};
		6A3DC0261B7FE6F30078EF11 /* Supporting Files */ = {
			isa = PBXGroup;
			children = (
				6A3DC0271B7FE6F30078EF11 /* Info.plist */,
				6A3DC0281B7FE6F30078EF11 /* main.m */,
			);
			name = "Supporting Files";
			sourceTree = "<group>";
		};
		6A3DC03F1B7FE6F30078EF11 /* proyecto_spotifyTests */ = {
			isa = PBXGroup;
			children = (
				6A3DC0421B7FE6F30078EF11 /* proyecto_spotifyTests.m */,
				6A3DC0401B7FE6F30078EF11 /* Supporting Files */,
			);
			path = proyecto_spotifyTests;
			sourceTree = "<group>";
		};
		6A3DC0401B7FE6F30078EF11 /* Supporting Files */ = {
			isa = PBXGroup;
			children = (
				6A3DC0411B7FE6F30078EF11 /* Info.plist */,
			);
			name = "Supporting Files";
			sourceTree = "<group>";
		};
		6ACE76FA1B8A5C1E000924F3 /* entities */ = {
			isa = PBXGroup;
			children = (
				6ACE76FB1B8A5C4D000924F3 /* Artist.h */,
				6ACE76FC1B8A5C4D000924F3 /* Artist.m */,
				6ACE76FE1B8A5C83000924F3 /* Song.h */,
				6ACE76FF1B8A5C83000924F3 /* Song.m */,
			);
			path = entities;
			sourceTree = "<group>";
		};
		6ACE770A1B8A5FD4000924F3 /* frameworks */ = {
			isa = PBXGroup;
			children = (
				6ACE770B1B8A6027000924F3 /* Spotify.framework */,
			);
			path = frameworks;
			sourceTree = "<group>";
		};
		6ACE77111B8A8CDC000924F3 /* helpers */ = {
			isa = PBXGroup;
			children = (
				6ACE77121B8A8D00000924F3 /* SpotifyHelper.h */,
				6ACE77131B8A8D00000924F3 /* SpotifyHelper.m */,
			);
			path = helpers;
			sourceTree = "<group>";
		};
		CF533C131B93BB4700E4A295 /* webapi */ = {
			isa = PBXGroup;
			children = (
				CF7D9D451B93D21B00C4EB8B /* SpotifyAPI.h */,
				CF7D9D461B93D21B00C4EB8B /* SpotifyAPI.m */,
			);
			path = webapi;
			sourceTree = "<group>";
		};
		CFA245341B8D83FE00B90975 /* uicomponents */ = {
			isa = PBXGroup;
			children = (
				CFA245381B8D847E00B90975 /* SongCell.h */,
				CFA245391B8D847E00B90975 /* SongCell.m */,
				CFA2453B1B8D849F00B90975 /* ArtistCell.h */,
				CFA2453C1B8D849F00B90975 /* ArtistCell.m */,
			);
			path = uicomponents;
			sourceTree = "<group>";
		};
/* End PBXGroup section */

/* Begin PBXNativeTarget section */
		6A3DC0221B7FE6F30078EF11 /* proyecto_spotify */ = {
			isa = PBXNativeTarget;
			buildConfigurationList = 6A3DC0461B7FE6F30078EF11 /* Build configuration list for PBXNativeTarget "proyecto_spotify" */;
			buildPhases = (
				6A3DC01F1B7FE6F30078EF11 /* Sources */,
				6A3DC0201B7FE6F30078EF11 /* Frameworks */,
				6A3DC0211B7FE6F30078EF11 /* Resources */,
			);
			buildRules = (
			);
			dependencies = (
			);
			name = proyecto_spotify;
			productName = proyecto_spotify;
			productReference = 6A3DC0231B7FE6F30078EF11 /* proyecto_spotify.app */;
			productType = "com.apple.product-type.application";
		};
		6A3DC03B1B7FE6F30078EF11 /* proyecto_spotifyTests */ = {
			isa = PBXNativeTarget;
			buildConfigurationList = 6A3DC0491B7FE6F30078EF11 /* Build configuration list for PBXNativeTarget "proyecto_spotifyTests" */;
			buildPhases = (
				6A3DC0381B7FE6F30078EF11 /* Sources */,
				6A3DC0391B7FE6F30078EF11 /* Frameworks */,
				6A3DC03A1B7FE6F30078EF11 /* Resources */,
			);
			buildRules = (
			);
			dependencies = (
				6A3DC03E1B7FE6F30078EF11 /* PBXTargetDependency */,
			);
			name = proyecto_spotifyTests;
			productName = proyecto_spotifyTests;
			productReference = 6A3DC03C1B7FE6F30078EF11 /* proyecto_spotifyTests.xctest */;
			productType = "com.apple.product-type.bundle.unit-test";
		};
/* End PBXNativeTarget section */

/* Begin PBXProject section */
		6A3DC01B1B7FE6F30078EF11 /* Project object */ = {
			isa = PBXProject;
			attributes = {
				LastUpgradeCheck = 0630;
				ORGANIZATIONNAME = "Jorge Salas C";
				TargetAttributes = {
					6A3DC0221B7FE6F30078EF11 = {
						CreatedOnToolsVersion = 6.3.2;
					};
					6A3DC03B1B7FE6F30078EF11 = {
						CreatedOnToolsVersion = 6.3.2;
						TestTargetID = 6A3DC0221B7FE6F30078EF11;
					};
				};
			};
			buildConfigurationList = 6A3DC01E1B7FE6F30078EF11 /* Build configuration list for PBXProject "proyecto_spotify" */;
			compatibilityVersion = "Xcode 3.2";
			developmentRegion = English;
			hasScannedForEncodings = 0;
			knownRegions = (
				en,
				Base,
			);
			mainGroup = 6A3DC01A1B7FE6F30078EF11;
			productRefGroup = 6A3DC0241B7FE6F30078EF11 /* Products */;
			projectDirPath = "";
			projectRoot = "";
			targets = (
				6A3DC0221B7FE6F30078EF11 /* proyecto_spotify */,
				6A3DC03B1B7FE6F30078EF11 /* proyecto_spotifyTests */,
			);
		};
/* End PBXProject section */

/* Begin PBXResourcesBuildPhase section */
		6A3DC0211B7FE6F30078EF11 /* Resources */ = {
			isa = PBXResourcesBuildPhase;
			buildActionMask = 2147483647;
			files = (
				6A3DC0321B7FE6F30078EF11 /* Main.storyboard in Resources */,
				6A3DC0371B7FE6F30078EF11 /* LaunchScreen.xib in Resources */,
				6A3DC0341B7FE6F30078EF11 /* Images.xcassets in Resources */,
			);
			runOnlyForDeploymentPostprocessing = 0;
		};
		6A3DC03A1B7FE6F30078EF11 /* Resources */ = {
			isa = PBXResourcesBuildPhase;
			buildActionMask = 2147483647;
			files = (
			);
			runOnlyForDeploymentPostprocessing = 0;
		};
/* End PBXResourcesBuildPhase section */

/* Begin PBXSourcesBuildPhase section */
		6A3DC01F1B7FE6F30078EF11 /* Sources */ = {
			isa = PBXSourcesBuildPhase;
			buildActionMask = 2147483647;
			files = (
				6ACE77001B8A5C83000924F3 /* Song.m in Sources */,
				6A3DC02F1B7FE6F30078EF11 /* ViewController.m in Sources */,
				6ACE77031B8A5D75000924F3 /* ArtistSearchTableViewController.m in Sources */,
				CF7D9D471B93D21B00C4EB8B /* SpotifyAPI.m in Sources */,
				6ACE77061B8A5E65000924F3 /* SongListTableViewController.m in Sources */,
				CFA2453A1B8D847E00B90975 /* SongCell.m in Sources */,
				CFA2453D1B8D849F00B90975 /* ArtistCell.m in Sources */,
				6ACE77141B8A8D00000924F3 /* SpotifyHelper.m in Sources */,
				6A3DC02C1B7FE6F30078EF11 /* AppDelegate.m in Sources */,
				6ACE77091B8A5EB2000924F3 /* PlayerViewController.m in Sources */,
				6ACE76FD1B8A5C4D000924F3 /* Artist.m in Sources */,
				6A3DC0291B7FE6F30078EF11 /* main.m in Sources */,
			);
			runOnlyForDeploymentPostprocessing = 0;
		};
		6A3DC0381B7FE6F30078EF11 /* Sources */ = {
			isa = PBXSourcesBuildPhase;
			buildActionMask = 2147483647;
			files = (
				6A3DC0431B7FE6F30078EF11 /* proyecto_spotifyTests.m in Sources */,
			);
			runOnlyForDeploymentPostprocessing = 0;
		};
/* End PBXSourcesBuildPhase section */

/* Begin PBXTargetDependency section */
		6A3DC03E1B7FE6F30078EF11 /* PBXTargetDependency */ = {
			isa = PBXTargetDependency;
			target = 6A3DC0221B7FE6F30078EF11 /* proyecto_spotify */;
			targetProxy = 6A3DC03D1B7FE6F30078EF11 /* PBXContainerItemProxy */;
		};
/* End PBXTargetDependency section */

/* Begin PBXVariantGroup section */
		6A3DC0301B7FE6F30078EF11 /* Main.storyboard */ = {
			isa = PBXVariantGroup;
			children = (
				6A3DC0311B7FE6F30078EF11 /* Base */,
			);
			name = Main.storyboard;
			sourceTree = "<group>";
		};
		6A3DC0351B7FE6F30078EF11 /* LaunchScreen.xib */ = {
			isa = PBXVariantGroup;
			children = (
				6A3DC0361B7FE6F30078EF11 /* Base */,
			);
			name = LaunchScreen.xib;
			sourceTree = "<group>";
		};
/* End PBXVariantGroup section */

/* Begin XCBuildConfiguration section */
		6A3DC0441B7FE6F30078EF11 /* Debug */ = {
			isa = XCBuildConfiguration;
			buildSettings = {
				ALWAYS_SEARCH_USER_PATHS = NO;
				CLANG_CXX_LANGUAGE_STANDARD = "gnu++0x";
				CLANG_CXX_LIBRARY = "libc++";
				CLANG_ENABLE_MODULES = YES;
				CLANG_ENABLE_OBJC_ARC = YES;
				CLANG_WARN_BOOL_CONVERSION = YES;
				CLANG_WARN_CONSTANT_CONVERSION = YES;
				CLANG_WARN_DIRECT_OBJC_ISA_USAGE = YES_ERROR;
				CLANG_WARN_EMPTY_BODY = YES;
				CLANG_WARN_ENUM_CONVERSION = YES;
				CLANG_WARN_INT_CONVERSION = YES;
				CLANG_WARN_OBJC_ROOT_CLASS = YES_ERROR;
				CLANG_WARN_UNREACHABLE_CODE = YES;
				CLANG_WARN__DUPLICATE_METHOD_MATCH = YES;
				"CODE_SIGN_IDENTITY[sdk=iphoneos*]" = "iPhone Developer";
				COPY_PHASE_STRIP = NO;
				DEBUG_INFORMATION_FORMAT = "dwarf-with-dsym";
				ENABLE_STRICT_OBJC_MSGSEND = YES;
				GCC_C_LANGUAGE_STANDARD = gnu99;
				GCC_DYNAMIC_NO_PIC = NO;
				GCC_NO_COMMON_BLOCKS = YES;
				GCC_OPTIMIZATION_LEVEL = 0;
				GCC_PREPROCESSOR_DEFINITIONS = (
					"DEBUG=1",
					"$(inherited)",
				);
				GCC_SYMBOLS_PRIVATE_EXTERN = NO;
				GCC_WARN_64_TO_32_BIT_CONVERSION = YES;
				GCC_WARN_ABOUT_RETURN_TYPE = YES_ERROR;
				GCC_WARN_UNDECLARED_SELECTOR = YES;
				GCC_WARN_UNINITIALIZED_AUTOS = YES_AGGRESSIVE;
				GCC_WARN_UNUSED_FUNCTION = YES;
				GCC_WARN_UNUSED_VARIABLE = YES;
				IPHONEOS_DEPLOYMENT_TARGET = 8.3;
				MTL_ENABLE_DEBUG_INFO = YES;
				ONLY_ACTIVE_ARCH = YES;
				SDKROOT = iphoneos;
				TARGETED_DEVICE_FAMILY = "1,2";
			};
			name = Debug;
		};
		6A3DC0451B7FE6F30078EF11 /* Release */ = {
			isa = XCBuildConfiguration;
			buildSettings = {
				ALWAYS_SEARCH_USER_PATHS = NO;
				CLANG_CXX_LANGUAGE_STANDARD = "gnu++0x";
				CLANG_CXX_LIBRARY = "libc++";
				CLANG_ENABLE_MODULES = YES;
				CLANG_ENABLE_OBJC_ARC = YES;
				CLANG_WARN_BOOL_CONVERSION = YES;
				CLANG_WARN_CONSTANT_CONVERSION = YES;
				CLANG_WARN_DIRECT_OBJC_ISA_USAGE = YES_ERROR;
				CLANG_WARN_EMPTY_BODY = YES;
				CLANG_WARN_ENUM_CONVERSION = YES;
				CLANG_WARN_INT_CONVERSION = YES;
				CLANG_WARN_OBJC_ROOT_CLASS = YES_ERROR;
				CLANG_WARN_UNREACHABLE_CODE = YES;
				CLANG_WARN__DUPLICATE_METHOD_MATCH = YES;
				"CODE_SIGN_IDENTITY[sdk=iphoneos*]" = "iPhone Developer";
				COPY_PHASE_STRIP = NO;
				DEBUG_INFORMATION_FORMAT = "dwarf-with-dsym";
				ENABLE_NS_ASSERTIONS = NO;
				ENABLE_STRICT_OBJC_MSGSEND = YES;
				GCC_C_LANGUAGE_STANDARD = gnu99;
				GCC_NO_COMMON_BLOCKS = YES;
				GCC_WARN_64_TO_32_BIT_CONVERSION = YES;
				GCC_WARN_ABOUT_RETURN_TYPE = YES_ERROR;
				GCC_WARN_UNDECLARED_SELECTOR = YES;
				GCC_WARN_UNINITIALIZED_AUTOS = YES_AGGRESSIVE;
				GCC_WARN_UNUSED_FUNCTION = YES;
				GCC_WARN_UNUSED_VARIABLE = YES;
				IPHONEOS_DEPLOYMENT_TARGET = 8.3;
				MTL_ENABLE_DEBUG_INFO = NO;
				SDKROOT = iphoneos;
				TARGETED_DEVICE_FAMILY = "1,2";
				VALIDATE_PRODUCT = YES;
			};
			name = Release;
		};
		6A3DC0471B7FE6F30078EF11 /* Debug */ = {
			isa = XCBuildConfiguration;
			buildSettings = {
				ASSETCATALOG_COMPILER_APPICON_NAME = AppIcon;
				FRAMEWORK_SEARCH_PATHS = (
					"$(inherited)",
					"$(PROJECT_DIR)/proyecto_spotify/frameworks",
				);
				INFOPLIST_FILE = proyecto_spotify/Info.plist;
				LD_RUNPATH_SEARCH_PATHS = "$(inherited) @executable_path/Frameworks";
				OTHER_LDFLAGS = "-ObjC";
				PRODUCT_NAME = "$(TARGET_NAME)";
			};
			name = Debug;
		};
		6A3DC0481B7FE6F30078EF11 /* Release */ = {
			isa = XCBuildConfiguration;
			buildSettings = {
				ASSETCATALOG_COMPILER_APPICON_NAME = AppIcon;
				FRAMEWORK_SEARCH_PATHS = (
					"$(inherited)",
					"$(PROJECT_DIR)/proyecto_spotify/frameworks",
				);
				INFOPLIST_FILE = proyecto_spotify/Info.plist;
				LD_RUNPATH_SEARCH_PATHS = "$(inherited) @executable_path/Frameworks";
				OTHER_LDFLAGS = "-ObjC";
				PRODUCT_NAME = "$(TARGET_NAME)";
			};
			name = Release;
		};
		6A3DC04A1B7FE6F30078EF11 /* Debug */ = {
			isa = XCBuildConfiguration;
			buildSettings = {
				BUNDLE_LOADER = "$(TEST_HOST)";
				FRAMEWORK_SEARCH_PATHS = (
					"$(SDKROOT)/Developer/Library/Frameworks",
					"$(inherited)",
				);
				GCC_PREPROCESSOR_DEFINITIONS = (
					"DEBUG=1",
					"$(inherited)",
				);
				INFOPLIST_FILE = proyecto_spotifyTests/Info.plist;
				LD_RUNPATH_SEARCH_PATHS = "$(inherited) @executable_path/Frameworks @loader_path/Frameworks";
				PRODUCT_NAME = "$(TARGET_NAME)";
				TEST_HOST = "$(BUILT_PRODUCTS_DIR)/proyecto_spotify.app/proyecto_spotify";
			};
			name = Debug;
		};
		6A3DC04B1B7FE6F30078EF11 /* Release */ = {
			isa = XCBuildConfiguration;
			buildSettings = {
				BUNDLE_LOADER = "$(TEST_HOST)";
				FRAMEWORK_SEARCH_PATHS = (
					"$(SDKROOT)/Developer/Library/Frameworks",
					"$(inherited)",
				);
				INFOPLIST_FILE = proyecto_spotifyTests/Info.plist;
				LD_RUNPATH_SEARCH_PATHS = "$(inherited) @executable_path/Frameworks @loader_path/Frameworks";
				PRODUCT_NAME = "$(TARGET_NAME)";
				TEST_HOST = "$(BUILT_PRODUCTS_DIR)/proyecto_spotify.app/proyecto_spotify";
			};
			name = Release;
		};
/* End XCBuildConfiguration section */

/* Begin XCConfigurationList section */
		6A3DC01E1B7FE6F30078EF11 /* Build configuration list for PBXProject "proyecto_spotify" */ = {
			isa = XCConfigurationList;
			buildConfigurations = (
				6A3DC0441B7FE6F30078EF11 /* Debug */,
				6A3DC0451B7FE6F30078EF11 /* Release */,
			);
			defaultConfigurationIsVisible = 0;
			defaultConfigurationName = Release;
		};
		6A3DC0461B7FE6F30078EF11 /* Build configuration list for PBXNativeTarget "proyecto_spotify" */ = {
			isa = XCConfigurationList;
			buildConfigurations = (
				6A3DC0471B7FE6F30078EF11 /* Debug */,
				6A3DC0481B7FE6F30078EF11 /* Release */,
			);
			defaultConfigurationIsVisible = 0;
			defaultConfigurationName = Release;
		};
		6A3DC0491B7FE6F30078EF11 /* Build configuration list for PBXNativeTarget "proyecto_spotifyTests" */ = {
			isa = XCConfigurationList;
			buildConfigurations = (
				6A3DC04A1B7FE6F30078EF11 /* Debug */,
				6A3DC04B1B7FE6F30078EF11 /* Release */,
			);
			defaultConfigurationIsVisible = 0;
			defaultConfigurationName = Release;
		};
/* End XCConfigurationList section */
	};
	rootObject = 6A3DC01B1B7FE6F30078EF11 /* Project object */;
}
